
Microsoft Visual Studio Solution File, Format Version 12.00
# Visual Studio Version 16
VisualStudioVersion = 16.0.30523.141
MinimumVisualStudioVersion = 10.0.40219.1
Project("{FAE04EC0-301F-11D3-BF4B-00C04F79EFBC}") = "ThreadedLogging", "ThreadedLogging.csproj", "{51866799-6CB1-4087-97C3-589D58F7C39B}"
EndProject
Global
	GlobalSection(SolutionConfigurationPlatforms) = preSolution
		Debug|Any CPU = Debug|Any CPU
		Release|Any CPU = Release|Any CPU
	EndGlobalSection
	GlobalSection(ProjectConfigurationPlatforms) = postSolution
		{51866799-6CB1-4087-97C3-589D58F7C39B}.Debug|Any CPU.ActiveCfg = Debug|Any CPU
		{51866799-6CB1-4087-97C3-589D58F7C39B}.Debug|Any CPU.Build.0 = Debug|Any CPU
		{51866799-6CB1-4087-97C3-589D58F7C39B}.Release|Any CPU.ActiveCfg = Release|Any CPU
		{51866799-6CB1-4087-97C3-589D58F7C39B}.Release|Any CPU.Build.0 = Release|Any CPU
	EndGlobalSection
	GlobalSection(SolutionProperties) = preSolution
		HideSolutionNode = FALSE
	EndGlobalSection
	GlobalSection(ExtensibilityGlobals) = postSolution
		SolutionGuid = {49B2EFB8-2B29-464A-878C-7DD2ED0D38E6}
	EndGlobalSection
EndGlobal
